
Microsoft Visual Studio Solution File, Format Version 12.00
# Visual Studio Version 17
VisualStudioVersion = 17.5.33627.172
MinimumVisualStudioVersion = 10.0.40219.1
Project("{FAE04EC0-301F-11D3-BF4B-00C04F79EFBC}") = "GenericClasses", "GenericClasses\GenericClasses.csproj", "{D976B1F1-9414-40FC-9C47-4901362DBF7C}"
EndProject
Global
	GlobalSection(SolutionConfigurationPlatforms) = preSolution
		Debug|Any CPU = Debug|Any CPU
		Release|Any CPU = Release|Any CPU
	EndGlobalSection
	GlobalSection(ProjectConfigurationPlatforms) = postSolution
		{D976B1F1-9414-40FC-9C47-4901362DBF7C}.Debug|Any CPU.ActiveCfg = Debug|Any CPU
		{D976B1F1-9414-40FC-9C47-4901362DBF7C}.Debug|Any CPU.Build.0 = Debug|Any CPU
		{D976B1F1-9414-40FC-9C47-4901362DBF7C}.Release|Any CPU.ActiveCfg = Release|Any CPU
		{D976B1F1-9414-40FC-9C47-4901362DBF7C}.Release|Any CPU.Build.0 = Release|Any CPU
	EndGlobalSection
	GlobalSection(SolutionProperties) = preSolution
		HideSolutionNode = FALSE
	EndGlobalSection
	GlobalSection(ExtensibilityGlobals) = postSolution
		SolutionGuid = {C104AC76-5EF3-4919-850B-737464EE04E6}
	EndGlobalSection
EndGlobal
